
Microsoft Visual Studio Solution File, Format Version 12.00
# Visual Studio Version 17
VisualStudioVersion = 17.11.35208.52
MinimumVisualStudioVersion = 10.0.40219.1
Project("{8BC9CEB8-8B4A-11D0-8D11-00A0C91BC942}") = "laba4var", "laba4var\laba4var.vcxproj", "{BFE9B496-DBA4-4118-9B6E-9A76198C46FA}"
EndProject
Project("{8BC9CEB8-8B4A-11D0-8D11-00A0C91BC942}") = "var1(2)", "var1(2)\var1(2).vcxproj", "{F4473A43-FEEF-4BFB-9A74-90BCF2640623}"
EndProject
Project("{8BC9CEB8-8B4A-11D0-8D11-00A0C91BC942}") = "var4(1)", "var4(1)\var4(1).vcxproj", "{6A3F76A2-8CED-4410-BA20-667378CF11B4}"
EndProject
Project("{8BC9CEB8-8B4A-11D0-8D11-00A0C91BC942}") = "var4(2)", "var4(2)\var4(2).vcxproj", "{0435D671-3DD4-4820-AB7C-93FA9039D726}"
EndProject
Project("{8BC9CEB8-8B4A-11D0-8D11-00A0C91BC942}") = "var5(1)", "var5(1)\var5(1).vcxproj", "{054E9488-9F7F-4955-ADF6-67EA4E4B3FBB}"
EndProject
Global
	GlobalSection(SolutionConfigurationPlatforms) = preSolution
		Debug|x64 = Debug|x64
		Debug|x86 = Debug|x86
		Release|x64 = Release|x64
		Release|x86 = Release|x86
	EndGlobalSection
	GlobalSection(ProjectConfigurationPlatforms) = postSolution
		{BFE9B496-DBA4-4118-9B6E-9A76198C46FA}.Debug|x64.ActiveCfg = Debug|x64
		{BFE9B496-DBA4-4118-9B6E-9A76198C46FA}.Debug|x64.Build.0 = Debug|x64
		{BFE9B496-DBA4-4118-9B6E-9A76198C46FA}.Debug|x86.ActiveCfg = Debug|Win32
		{BFE9B496-DBA4-4118-9B6E-9A76198C46FA}.Debug|x86.Build.0 = Debug|Win32
		{BFE9B496-DBA4-4118-9B6E-9A76198C46FA}.Release|x64.ActiveCfg = Release|x64
		{BFE9B496-DBA4-4118-9B6E-9A76198C46FA}.Release|x64.Build.0 = Release|x64
		{BFE9B496-DBA4-4118-9B6E-9A76198C46FA}.Release|x86.ActiveCfg = Release|Win32
		{BFE9B496-DBA4-4118-9B6E-9A76198C46FA}.Release|x86.Build.0 = Release|Win32
		{F4473A43-FEEF-4BFB-9A74-90BCF2640623}.Debug|x64.ActiveCfg = Debug|x64
		{F4473A43-FEEF-4BFB-9A74-90BCF2640623}.Debug|x64.Build.0 = Debug|x64
		{F4473A43-FEEF-4BFB-9A74-90BCF2640623}.Debug|x86.ActiveCfg = Debug|Win32
		{F4473A43-FEEF-4BFB-9A74-90BCF2640623}.Debug|x86.Build.0 = Debug|Win32
		{F4473A43-FEEF-4BFB-9A74-90BCF2640623}.Release|x64.ActiveCfg = Release|x64
		{F4473A43-FEEF-4BFB-9A74-90BCF2640623}.Release|x64.Build.0 = Release|x64
		{F4473A43-FEEF-4BFB-9A74-90BCF2640623}.Release|x86.ActiveCfg = Release|Win32
		{F4473A43-FEEF-4BFB-9A74-90BCF2640623}.Release|x86.Build.0 = Release|Win32
		{6A3F76A2-8CED-4410-BA20-667378CF11B4}.Debug|x64.ActiveCfg = Debug|x64
		{6A3F76A2-8CED-4410-BA20-667378CF11B4}.Debug|x64.Build.0 = Debug|x64
		{6A3F76A2-8CED-4410-BA20-667378CF11B4}.Debug|x86.ActiveCfg = Debug|Win32
		{6A3F76A2-8CED-4410-BA20-667378CF11B4}.Debug|x86.Build.0 = Debug|Win32
		{6A3F76A2-8CED-4410-BA20-667378CF11B4}.Release|x64.ActiveCfg = Release|x64
		{6A3F76A2-8CED-4410-BA20-667378CF11B4}.Release|x64.Build.0 = Release|x64
		{6A3F76A2-8CED-4410-BA20-667378CF11B4}.Release|x86.ActiveCfg = Release|Win32
		{6A3F76A2-8CED-4410-BA20-667378CF11B4}.Release|x86.Build.0 = Release|Win32
		{0435D671-3DD4-4820-AB7C-93FA9039D726}.Debug|x64.ActiveCfg = Debug|x64
		{0435D671-3DD4-4820-AB7C-93FA9039D726}.Debug|x64.Build.0 = Debug|x64
		{0435D671-3DD4-4820-AB7C-93FA9039D726}.Debug|x86.ActiveCfg = Debug|Win32
		{0435D671-3DD4-4820-AB7C-93FA9039D726}.Debug|x86.Build.0 = Debug|Win32
		{0435D671-3DD4-4820-AB7C-93FA9039D726}.Release|x64.ActiveCfg = Release|x64
		{0435D671-3DD4-4820-AB7C-93FA9039D726}.Release|x64.Build.0 = Release|x64
		{0435D671-3DD4-4820-AB7C-93FA9039D726}.Release|x86.ActiveCfg = Release|Win32
		{0435D671-3DD4-4820-AB7C-93FA9039D726}.Release|x86.Build.0 = Release|Win32
		{054E9488-9F7F-4955-ADF6-67EA4E4B3FBB}.Debug|x64.ActiveCfg = Debug|x64
		{054E9488-9F7F-4955-ADF6-67EA4E4B3FBB}.Debug|x64.Build.0 = Debug|x64
		{054E9488-9F7F-4955-ADF6-67EA4E4B3FBB}.Debug|x86.ActiveCfg = Debug|Win32
		{054E9488-9F7F-4955-ADF6-67EA4E4B3FBB}.Debug|x86.Build.0 = Debug|Win32
		{054E9488-9F7F-4955-ADF6-67EA4E4B3FBB}.Release|x64.ActiveCfg = Release|x64
		{054E9488-9F7F-4955-ADF6-67EA4E4B3FBB}.Release|x64.Build.0 = Release|x64
		{054E9488-9F7F-4955-ADF6-67EA4E4B3FBB}.Release|x86.ActiveCfg = Release|Win32
		{054E9488-9F7F-4955-ADF6-67EA4E4B3FBB}.Release|x86.Build.0 = Release|Win32
	EndGlobalSection
	GlobalSection(SolutionProperties) = preSolution
		HideSolutionNode = FALSE
	EndGlobalSection
	GlobalSection(ExtensibilityGlobals) = postSolution
		SolutionGuid = {8D3384F6-87C8-4CEA-9E3F-A835164CD16D}
	EndGlobalSection
EndGlobal
