
Microsoft Visual Studio Solution File, Format Version 12.00
# Visual Studio Version 17
VisualStudioVersion = 17.11.35327.3
MinimumVisualStudioVersion = 10.0.40219.1
Project("{8BC9CEB8-8B4A-11D0-8D11-00A0C91BC942}") = "guessNumber", "guessNumber\guessNumber.vcxproj", "{5A023A92-2EB0-46FF-B9A8-5DD6FE647F02}"
EndProject
Global
	GlobalSection(SolutionConfigurationPlatforms) = preSolution
		Debug|x64 = Debug|x64
		Debug|x86 = Debug|x86
		Release|x64 = Release|x64
		Release|x86 = Release|x86
	EndGlobalSection
	GlobalSection(ProjectConfigurationPlatforms) = postSolution
		{5A023A92-2EB0-46FF-B9A8-5DD6FE647F02}.Debug|x64.ActiveCfg = Debug|x64
		{5A023A92-2EB0-46FF-B9A8-5DD6FE647F02}.Debug|x64.Build.0 = Debug|x64
		{5A023A92-2EB0-46FF-B9A8-5DD6FE647F02}.Debug|x86.ActiveCfg = Debug|Win32
		{5A023A92-2EB0-46FF-B9A8-5DD6FE647F02}.Debug|x86.Build.0 = Debug|Win32
		{5A023A92-2EB0-46FF-B9A8-5DD6FE647F02}.Release|x64.ActiveCfg = Release|x64
		{5A023A92-2EB0-46FF-B9A8-5DD6FE647F02}.Release|x64.Build.0 = Release|x64
		{5A023A92-2EB0-46FF-B9A8-5DD6FE647F02}.Release|x86.ActiveCfg = Release|Win32
		{5A023A92-2EB0-46FF-B9A8-5DD6FE647F02}.Release|x86.Build.0 = Release|Win32
	EndGlobalSection
	GlobalSection(SolutionProperties) = preSolution
		HideSolutionNode = FALSE
	EndGlobalSection
	GlobalSection(ExtensibilityGlobals) = postSolution
		SolutionGuid = {D3DC9A68-4F55-4498-850F-076EC6F2C8DD}
	EndGlobalSection
EndGlobal
