
Microsoft Visual Studio Solution File, Format Version 12.00
# Visual Studio Version 17
VisualStudioVersion = 17.11.35208.52
MinimumVisualStudioVersion = 10.0.40219.1
Project("{8BC9CEB8-8B4A-11D0-8D11-00A0C91BC942}") = "dopi6", "dopi6\dopi6.vcxproj", "{3941F870-ABB4-46A2-BCA1-40F73281C992}"
EndProject
Project("{8BC9CEB8-8B4A-11D0-8D11-00A0C91BC942}") = "dopi6.2", "dopi6.2\dopi6.2.vcxproj", "{85A51D2C-44E0-4F25-9CBB-4439AC5718DF}"
EndProject
Project("{8BC9CEB8-8B4A-11D0-8D11-00A0C91BC942}") = "dopi", "dopi\dopi.vcxproj", "{8B91987E-B0EF-4124-9316-C371143BD3D9}"
EndProject
Global
	GlobalSection(SolutionConfigurationPlatforms) = preSolution
		Debug|x64 = Debug|x64
		Debug|x86 = Debug|x86
		Release|x64 = Release|x64
		Release|x86 = Release|x86
	EndGlobalSection
	GlobalSection(ProjectConfigurationPlatforms) = postSolution
		{3941F870-ABB4-46A2-BCA1-40F73281C992}.Debug|x64.ActiveCfg = Debug|x64
		{3941F870-ABB4-46A2-BCA1-40F73281C992}.Debug|x64.Build.0 = Debug|x64
		{3941F870-ABB4-46A2-BCA1-40F73281C992}.Debug|x86.ActiveCfg = Debug|Win32
		{3941F870-ABB4-46A2-BCA1-40F73281C992}.Debug|x86.Build.0 = Debug|Win32
		{3941F870-ABB4-46A2-BCA1-40F73281C992}.Release|x64.ActiveCfg = Release|x64
		{3941F870-ABB4-46A2-BCA1-40F73281C992}.Release|x64.Build.0 = Release|x64
		{3941F870-ABB4-46A2-BCA1-40F73281C992}.Release|x86.ActiveCfg = Release|Win32
		{3941F870-ABB4-46A2-BCA1-40F73281C992}.Release|x86.Build.0 = Release|Win32
		{85A51D2C-44E0-4F25-9CBB-4439AC5718DF}.Debug|x64.ActiveCfg = Debug|x64
		{85A51D2C-44E0-4F25-9CBB-4439AC5718DF}.Debug|x64.Build.0 = Debug|x64
		{85A51D2C-44E0-4F25-9CBB-4439AC5718DF}.Debug|x86.ActiveCfg = Debug|Win32
		{85A51D2C-44E0-4F25-9CBB-4439AC5718DF}.Debug|x86.Build.0 = Debug|Win32
		{85A51D2C-44E0-4F25-9CBB-4439AC5718DF}.Release|x64.ActiveCfg = Release|x64
		{85A51D2C-44E0-4F25-9CBB-4439AC5718DF}.Release|x64.Build.0 = Release|x64
		{85A51D2C-44E0-4F25-9CBB-4439AC5718DF}.Release|x86.ActiveCfg = Release|Win32
		{85A51D2C-44E0-4F25-9CBB-4439AC5718DF}.Release|x86.Build.0 = Release|Win32
		{8B91987E-B0EF-4124-9316-C371143BD3D9}.Debug|x64.ActiveCfg = Debug|x64
		{8B91987E-B0EF-4124-9316-C371143BD3D9}.Debug|x64.Build.0 = Debug|x64
		{8B91987E-B0EF-4124-9316-C371143BD3D9}.Debug|x86.ActiveCfg = Debug|Win32
		{8B91987E-B0EF-4124-9316-C371143BD3D9}.Debug|x86.Build.0 = Debug|Win32
		{8B91987E-B0EF-4124-9316-C371143BD3D9}.Release|x64.ActiveCfg = Release|x64
		{8B91987E-B0EF-4124-9316-C371143BD3D9}.Release|x64.Build.0 = Release|x64
		{8B91987E-B0EF-4124-9316-C371143BD3D9}.Release|x86.ActiveCfg = Release|Win32
		{8B91987E-B0EF-4124-9316-C371143BD3D9}.Release|x86.Build.0 = Release|Win32
	EndGlobalSection
	GlobalSection(SolutionProperties) = preSolution
		HideSolutionNode = FALSE
	EndGlobalSection
	GlobalSection(ExtensibilityGlobals) = postSolution
		SolutionGuid = {C454E638-829E-46D2-810A-9C14D8DED78C}
	EndGlobalSection
EndGlobal
