
Microsoft Visual Studio Solution File, Format Version 12.00
# Visual Studio Version 17
VisualStudioVersion = 17.11.35327.3
MinimumVisualStudioVersion = 10.0.40219.1
Project("{8BC9CEB8-8B4A-11D0-8D11-00A0C91BC942}") = "laba16.1", "laba16.1\laba16.1.vcxproj", "{D3132004-F185-4FDA-A15B-091AAD02DBC6}"
EndProject
Project("{8BC9CEB8-8B4A-11D0-8D11-00A0C91BC942}") = "laba16.2", "laba16.2\laba16.2.vcxproj", "{12763C9B-BA12-4184-BCB8-653E9D0DC0F2}"
EndProject
Project("{8BC9CEB8-8B4A-11D0-8D11-00A0C91BC942}") = "laba16.3", "laba16.3\laba16.3.vcxproj", "{AEC15BC6-40D2-41D6-85E4-A3451C9572C2}"
EndProject
Project("{8BC9CEB8-8B4A-11D0-8D11-00A0C91BC942}") = "dopi1.1", "dopi1.1\dopi1.1.vcxproj", "{42BE2C9A-82A4-49E9-A7B6-192C451FB883}"
EndProject
Project("{8BC9CEB8-8B4A-11D0-8D11-00A0C91BC942}") = "dopi1.2", "dopi1.2\dopi1.2.vcxproj", "{1F92C404-7A1A-49EC-8825-509BB037093F}"
EndProject
Project("{8BC9CEB8-8B4A-11D0-8D11-00A0C91BC942}") = "dopi1.3", "dopi1.3\dopi1.3.vcxproj", "{03A488FF-D7BB-4742-897E-1A3270DC740C}"
EndProject
Project("{8BC9CEB8-8B4A-11D0-8D11-00A0C91BC942}") = "dopi4.1", "dopi4.1\dopi4.1.vcxproj", "{856F6635-96CD-449F-96E3-A1AA3E9A93B4}"
EndProject
Project("{8BC9CEB8-8B4A-11D0-8D11-00A0C91BC942}") = "dopi4.2", "dopi4.2\dopi4.2.vcxproj", "{5CB12967-CC11-4E0C-9299-63FB8BFC0E17}"
EndProject
Project("{8BC9CEB8-8B4A-11D0-8D11-00A0C91BC942}") = "dopi4.3", "dopi4.3\dopi4.3.vcxproj", "{2856D7CB-40EC-4155-9A58-12B41324B552}"
EndProject
Project("{8BC9CEB8-8B4A-11D0-8D11-00A0C91BC942}") = "dopi14.1", "dopi14.1\dopi14.1.vcxproj", "{EC22E728-2D96-4B45-B967-58639C23F6EC}"
EndProject
Project("{8BC9CEB8-8B4A-11D0-8D11-00A0C91BC942}") = "dopi14.2", "dopi14.2\dopi14.2.vcxproj", "{E7A09C7D-1518-44A7-BC63-4051C6800509}"
EndProject
Project("{8BC9CEB8-8B4A-11D0-8D11-00A0C91BC942}") = "dopi14.3", "dopi14.3\dopi14.3.vcxproj", "{B059BBFA-D200-4F09-9D6B-60861CE1A385}"
EndProject
Project("{8BC9CEB8-8B4A-11D0-8D11-00A0C91BC942}") = "dopi9.1", "dopi9.1\dopi9.1.vcxproj", "{131BCCAB-9EE5-4CB1-BE8E-54110FF7226C}"
EndProject
Project("{8BC9CEB8-8B4A-11D0-8D11-00A0C91BC942}") = "dopi9.2", "dopi9.2\dopi9.2.vcxproj", "{209A54C9-10AA-4CF8-8C82-67BC48D082EE}"
EndProject
Project("{8BC9CEB8-8B4A-11D0-8D11-00A0C91BC942}") = "dopi9.3", "dopi9.3\dopi9.3.vcxproj", "{33C8C82F-27CD-423F-A106-9F8C9243CDA5}"
EndProject
Global
	GlobalSection(SolutionConfigurationPlatforms) = preSolution
		Debug|x64 = Debug|x64
		Debug|x86 = Debug|x86
		Release|x64 = Release|x64
		Release|x86 = Release|x86
	EndGlobalSection
	GlobalSection(ProjectConfigurationPlatforms) = postSolution
		{D3132004-F185-4FDA-A15B-091AAD02DBC6}.Debug|x64.ActiveCfg = Debug|x64
		{D3132004-F185-4FDA-A15B-091AAD02DBC6}.Debug|x64.Build.0 = Debug|x64
		{D3132004-F185-4FDA-A15B-091AAD02DBC6}.Debug|x86.ActiveCfg = Debug|Win32
		{D3132004-F185-4FDA-A15B-091AAD02DBC6}.Debug|x86.Build.0 = Debug|Win32
		{D3132004-F185-4FDA-A15B-091AAD02DBC6}.Release|x64.ActiveCfg = Release|x64
		{D3132004-F185-4FDA-A15B-091AAD02DBC6}.Release|x64.Build.0 = Release|x64
		{D3132004-F185-4FDA-A15B-091AAD02DBC6}.Release|x86.ActiveCfg = Release|Win32
		{D3132004-F185-4FDA-A15B-091AAD02DBC6}.Release|x86.Build.0 = Release|Win32
		{12763C9B-BA12-4184-BCB8-653E9D0DC0F2}.Debug|x64.ActiveCfg = Debug|x64
		{12763C9B-BA12-4184-BCB8-653E9D0DC0F2}.Debug|x64.Build.0 = Debug|x64
		{12763C9B-BA12-4184-BCB8-653E9D0DC0F2}.Debug|x86.ActiveCfg = Debug|Win32
		{12763C9B-BA12-4184-BCB8-653E9D0DC0F2}.Debug|x86.Build.0 = Debug|Win32
		{12763C9B-BA12-4184-BCB8-653E9D0DC0F2}.Release|x64.ActiveCfg = Release|x64
		{12763C9B-BA12-4184-BCB8-653E9D0DC0F2}.Release|x64.Build.0 = Release|x64
		{12763C9B-BA12-4184-BCB8-653E9D0DC0F2}.Release|x86.ActiveCfg = Release|Win32
		{12763C9B-BA12-4184-BCB8-653E9D0DC0F2}.Release|x86.Build.0 = Release|Win32
		{AEC15BC6-40D2-41D6-85E4-A3451C9572C2}.Debug|x64.ActiveCfg = Debug|x64
		{AEC15BC6-40D2-41D6-85E4-A3451C9572C2}.Debug|x64.Build.0 = Debug|x64
		{AEC15BC6-40D2-41D6-85E4-A3451C9572C2}.Debug|x86.ActiveCfg = Debug|Win32
		{AEC15BC6-40D2-41D6-85E4-A3451C9572C2}.Debug|x86.Build.0 = Debug|Win32
		{AEC15BC6-40D2-41D6-85E4-A3451C9572C2}.Release|x64.ActiveCfg = Release|x64
		{AEC15BC6-40D2-41D6-85E4-A3451C9572C2}.Release|x64.Build.0 = Release|x64
		{AEC15BC6-40D2-41D6-85E4-A3451C9572C2}.Release|x86.ActiveCfg = Release|Win32
		{AEC15BC6-40D2-41D6-85E4-A3451C9572C2}.Release|x86.Build.0 = Release|Win32
		{42BE2C9A-82A4-49E9-A7B6-192C451FB883}.Debug|x64.ActiveCfg = Debug|x64
		{42BE2C9A-82A4-49E9-A7B6-192C451FB883}.Debug|x64.Build.0 = Debug|x64
		{42BE2C9A-82A4-49E9-A7B6-192C451FB883}.Debug|x86.ActiveCfg = Debug|Win32
		{42BE2C9A-82A4-49E9-A7B6-192C451FB883}.Debug|x86.Build.0 = Debug|Win32
		{42BE2C9A-82A4-49E9-A7B6-192C451FB883}.Release|x64.ActiveCfg = Release|x64
		{42BE2C9A-82A4-49E9-A7B6-192C451FB883}.Release|x64.Build.0 = Release|x64
		{42BE2C9A-82A4-49E9-A7B6-192C451FB883}.Release|x86.ActiveCfg = Release|Win32
		{42BE2C9A-82A4-49E9-A7B6-192C451FB883}.Release|x86.Build.0 = Release|Win32
		{1F92C404-7A1A-49EC-8825-509BB037093F}.Debug|x64.ActiveCfg = Debug|x64
		{1F92C404-7A1A-49EC-8825-509BB037093F}.Debug|x64.Build.0 = Debug|x64
		{1F92C404-7A1A-49EC-8825-509BB037093F}.Debug|x86.ActiveCfg = Debug|Win32
		{1F92C404-7A1A-49EC-8825-509BB037093F}.Debug|x86.Build.0 = Debug|Win32
		{1F92C404-7A1A-49EC-8825-509BB037093F}.Release|x64.ActiveCfg = Release|x64
		{1F92C404-7A1A-49EC-8825-509BB037093F}.Release|x64.Build.0 = Release|x64
		{1F92C404-7A1A-49EC-8825-509BB037093F}.Release|x86.ActiveCfg = Release|Win32
		{1F92C404-7A1A-49EC-8825-509BB037093F}.Release|x86.Build.0 = Release|Win32
		{03A488FF-D7BB-4742-897E-1A3270DC740C}.Debug|x64.ActiveCfg = Debug|x64
		{03A488FF-D7BB-4742-897E-1A3270DC740C}.Debug|x64.Build.0 = Debug|x64
		{03A488FF-D7BB-4742-897E-1A3270DC740C}.Debug|x86.ActiveCfg = Debug|Win32
		{03A488FF-D7BB-4742-897E-1A3270DC740C}.Debug|x86.Build.0 = Debug|Win32
		{03A488FF-D7BB-4742-897E-1A3270DC740C}.Release|x64.ActiveCfg = Release|x64
		{03A488FF-D7BB-4742-897E-1A3270DC740C}.Release|x64.Build.0 = Release|x64
		{03A488FF-D7BB-4742-897E-1A3270DC740C}.Release|x86.ActiveCfg = Release|Win32
		{03A488FF-D7BB-4742-897E-1A3270DC740C}.Release|x86.Build.0 = Release|Win32
		{856F6635-96CD-449F-96E3-A1AA3E9A93B4}.Debug|x64.ActiveCfg = Debug|x64
		{856F6635-96CD-449F-96E3-A1AA3E9A93B4}.Debug|x64.Build.0 = Debug|x64
		{856F6635-96CD-449F-96E3-A1AA3E9A93B4}.Debug|x86.ActiveCfg = Debug|Win32
		{856F6635-96CD-449F-96E3-A1AA3E9A93B4}.Debug|x86.Build.0 = Debug|Win32
		{856F6635-96CD-449F-96E3-A1AA3E9A93B4}.Release|x64.ActiveCfg = Release|x64
		{856F6635-96CD-449F-96E3-A1AA3E9A93B4}.Release|x64.Build.0 = Release|x64
		{856F6635-96CD-449F-96E3-A1AA3E9A93B4}.Release|x86.ActiveCfg = Release|Win32
		{856F6635-96CD-449F-96E3-A1AA3E9A93B4}.Release|x86.Build.0 = Release|Win32
		{5CB12967-CC11-4E0C-9299-63FB8BFC0E17}.Debug|x64.ActiveCfg = Debug|x64
		{5CB12967-CC11-4E0C-9299-63FB8BFC0E17}.Debug|x64.Build.0 = Debug|x64
		{5CB12967-CC11-4E0C-9299-63FB8BFC0E17}.Debug|x86.ActiveCfg = Debug|Win32
		{5CB12967-CC11-4E0C-9299-63FB8BFC0E17}.Debug|x86.Build.0 = Debug|Win32
		{5CB12967-CC11-4E0C-9299-63FB8BFC0E17}.Release|x64.ActiveCfg = Release|x64
		{5CB12967-CC11-4E0C-9299-63FB8BFC0E17}.Release|x64.Build.0 = Release|x64
		{5CB12967-CC11-4E0C-9299-63FB8BFC0E17}.Release|x86.ActiveCfg = Release|Win32
		{5CB12967-CC11-4E0C-9299-63FB8BFC0E17}.Release|x86.Build.0 = Release|Win32
		{2856D7CB-40EC-4155-9A58-12B41324B552}.Debug|x64.ActiveCfg = Debug|x64
		{2856D7CB-40EC-4155-9A58-12B41324B552}.Debug|x64.Build.0 = Debug|x64
		{2856D7CB-40EC-4155-9A58-12B41324B552}.Debug|x86.ActiveCfg = Debug|Win32
		{2856D7CB-40EC-4155-9A58-12B41324B552}.Debug|x86.Build.0 = Debug|Win32
		{2856D7CB-40EC-4155-9A58-12B41324B552}.Release|x64.ActiveCfg = Release|x64
		{2856D7CB-40EC-4155-9A58-12B41324B552}.Release|x64.Build.0 = Release|x64
		{2856D7CB-40EC-4155-9A58-12B41324B552}.Release|x86.ActiveCfg = Release|Win32
		{2856D7CB-40EC-4155-9A58-12B41324B552}.Release|x86.Build.0 = Release|Win32
		{EC22E728-2D96-4B45-B967-58639C23F6EC}.Debug|x64.ActiveCfg = Debug|x64
		{EC22E728-2D96-4B45-B967-58639C23F6EC}.Debug|x64.Build.0 = Debug|x64
		{EC22E728-2D96-4B45-B967-58639C23F6EC}.Debug|x86.ActiveCfg = Debug|Win32
		{EC22E728-2D96-4B45-B967-58639C23F6EC}.Debug|x86.Build.0 = Debug|Win32
		{EC22E728-2D96-4B45-B967-58639C23F6EC}.Release|x64.ActiveCfg = Release|x64
		{EC22E728-2D96-4B45-B967-58639C23F6EC}.Release|x64.Build.0 = Release|x64
		{EC22E728-2D96-4B45-B967-58639C23F6EC}.Release|x86.ActiveCfg = Release|Win32
		{EC22E728-2D96-4B45-B967-58639C23F6EC}.Release|x86.Build.0 = Release|Win32
		{E7A09C7D-1518-44A7-BC63-4051C6800509}.Debug|x64.ActiveCfg = Debug|x64
		{E7A09C7D-1518-44A7-BC63-4051C6800509}.Debug|x64.Build.0 = Debug|x64
		{E7A09C7D-1518-44A7-BC63-4051C6800509}.Debug|x86.ActiveCfg = Debug|Win32
		{E7A09C7D-1518-44A7-BC63-4051C6800509}.Debug|x86.Build.0 = Debug|Win32
		{E7A09C7D-1518-44A7-BC63-4051C6800509}.Release|x64.ActiveCfg = Release|x64
		{E7A09C7D-1518-44A7-BC63-4051C6800509}.Release|x64.Build.0 = Release|x64
		{E7A09C7D-1518-44A7-BC63-4051C6800509}.Release|x86.ActiveCfg = Release|Win32
		{E7A09C7D-1518-44A7-BC63-4051C6800509}.Release|x86.Build.0 = Release|Win32
		{B059BBFA-D200-4F09-9D6B-60861CE1A385}.Debug|x64.ActiveCfg = Debug|x64
		{B059BBFA-D200-4F09-9D6B-60861CE1A385}.Debug|x64.Build.0 = Debug|x64
		{B059BBFA-D200-4F09-9D6B-60861CE1A385}.Debug|x86.ActiveCfg = Debug|Win32
		{B059BBFA-D200-4F09-9D6B-60861CE1A385}.Debug|x86.Build.0 = Debug|Win32
		{B059BBFA-D200-4F09-9D6B-60861CE1A385}.Release|x64.ActiveCfg = Release|x64
		{B059BBFA-D200-4F09-9D6B-60861CE1A385}.Release|x64.Build.0 = Release|x64
		{B059BBFA-D200-4F09-9D6B-60861CE1A385}.Release|x86.ActiveCfg = Release|Win32
		{B059BBFA-D200-4F09-9D6B-60861CE1A385}.Release|x86.Build.0 = Release|Win32
		{131BCCAB-9EE5-4CB1-BE8E-54110FF7226C}.Debug|x64.ActiveCfg = Debug|x64
		{131BCCAB-9EE5-4CB1-BE8E-54110FF7226C}.Debug|x64.Build.0 = Debug|x64
		{131BCCAB-9EE5-4CB1-BE8E-54110FF7226C}.Debug|x86.ActiveCfg = Debug|Win32
		{131BCCAB-9EE5-4CB1-BE8E-54110FF7226C}.Debug|x86.Build.0 = Debug|Win32
		{131BCCAB-9EE5-4CB1-BE8E-54110FF7226C}.Release|x64.ActiveCfg = Release|x64
		{131BCCAB-9EE5-4CB1-BE8E-54110FF7226C}.Release|x64.Build.0 = Release|x64
		{131BCCAB-9EE5-4CB1-BE8E-54110FF7226C}.Release|x86.ActiveCfg = Release|Win32
		{131BCCAB-9EE5-4CB1-BE8E-54110FF7226C}.Release|x86.Build.0 = Release|Win32
		{209A54C9-10AA-4CF8-8C82-67BC48D082EE}.Debug|x64.ActiveCfg = Debug|x64
		{209A54C9-10AA-4CF8-8C82-67BC48D082EE}.Debug|x64.Build.0 = Debug|x64
		{209A54C9-10AA-4CF8-8C82-67BC48D082EE}.Debug|x86.ActiveCfg = Debug|Win32
		{209A54C9-10AA-4CF8-8C82-67BC48D082EE}.Debug|x86.Build.0 = Debug|Win32
		{209A54C9-10AA-4CF8-8C82-67BC48D082EE}.Release|x64.ActiveCfg = Release|x64
		{209A54C9-10AA-4CF8-8C82-67BC48D082EE}.Release|x64.Build.0 = Release|x64
		{209A54C9-10AA-4CF8-8C82-67BC48D082EE}.Release|x86.ActiveCfg = Release|Win32
		{209A54C9-10AA-4CF8-8C82-67BC48D082EE}.Release|x86.Build.0 = Release|Win32
		{33C8C82F-27CD-423F-A106-9F8C9243CDA5}.Debug|x64.ActiveCfg = Debug|x64
		{33C8C82F-27CD-423F-A106-9F8C9243CDA5}.Debug|x64.Build.0 = Debug|x64
		{33C8C82F-27CD-423F-A106-9F8C9243CDA5}.Debug|x86.ActiveCfg = Debug|Win32
		{33C8C82F-27CD-423F-A106-9F8C9243CDA5}.Debug|x86.Build.0 = Debug|Win32
		{33C8C82F-27CD-423F-A106-9F8C9243CDA5}.Release|x64.ActiveCfg = Release|x64
		{33C8C82F-27CD-423F-A106-9F8C9243CDA5}.Release|x64.Build.0 = Release|x64
		{33C8C82F-27CD-423F-A106-9F8C9243CDA5}.Release|x86.ActiveCfg = Release|Win32
		{33C8C82F-27CD-423F-A106-9F8C9243CDA5}.Release|x86.Build.0 = Release|Win32
	EndGlobalSection
	GlobalSection(SolutionProperties) = preSolution
		HideSolutionNode = FALSE
	EndGlobalSection
	GlobalSection(ExtensibilityGlobals) = postSolution
		SolutionGuid = {605448C2-48ED-4D15-BA42-BEF1076423F6}
	EndGlobalSection
EndGlobal
