
Microsoft Visual Studio Solution File, Format Version 12.00
# Visual Studio Version 17
VisualStudioVersion = 17.11.35208.52
MinimumVisualStudioVersion = 10.0.40219.1
Project("{8BC9CEB8-8B4A-11D0-8D11-00A0C91BC942}") = "laba11.1", "laba11.1\laba11.1.vcxproj", "{C8062D03-ED2B-4570-8208-FA090A6C2CDB}"
EndProject
Project("{8BC9CEB8-8B4A-11D0-8D11-00A0C91BC942}") = "laba11.2", "laba11.2\laba11.2.vcxproj", "{33BD4F8B-923D-4B2C-8846-46E4F6A24EB6}"
EndProject
Project("{8BC9CEB8-8B4A-11D0-8D11-00A0C91BC942}") = "laba11.3", "laba11.3\laba11.3.vcxproj", "{C5436EFE-2446-40EC-9503-4A72BAEE4577}"
EndProject
Project("{8BC9CEB8-8B4A-11D0-8D11-00A0C91BC942}") = "laba11.4", "laba11.4\laba11.4.vcxproj", "{C4C69A52-3402-45F6-B240-B06A2C337B23}"
EndProject
Project("{8BC9CEB8-8B4A-11D0-8D11-00A0C91BC942}") = "dopi1", "dopi1\dopi1.vcxproj", "{D4553791-96E5-41DD-B07C-2EF604BDCBF4}"
EndProject
Project("{8BC9CEB8-8B4A-11D0-8D11-00A0C91BC942}") = "dopi2", "dopi2\dopi2.vcxproj", "{71911A27-EBCA-4550-A606-7FE7750D1916}"
EndProject
Project("{8BC9CEB8-8B4A-11D0-8D11-00A0C91BC942}") = "dopi4.1", "dopi4.1\dopi4.1.vcxproj", "{93D1784A-39C3-41EE-8719-A4C7BA4D8D80}"
EndProject
Project("{8BC9CEB8-8B4A-11D0-8D11-00A0C91BC942}") = "dopi4.2", "dopi4.2\dopi4.2.vcxproj", "{0E659AAA-306B-4634-A8E6-A713E7121D81}"
EndProject
Project("{8BC9CEB8-8B4A-11D0-8D11-00A0C91BC942}") = "dopi8.1", "dopi8.1\dopi8.1.vcxproj", "{6DD7A429-917E-4C90-BCF7-186B7AFEC518}"
EndProject
Project("{8BC9CEB8-8B4A-11D0-8D11-00A0C91BC942}") = "dopi8.2", "dopi8.2\dopi8.2.vcxproj", "{F8851695-BB63-4CA3-A73C-E0FD4526CE5B}"
EndProject
Project("{8BC9CEB8-8B4A-11D0-8D11-00A0C91BC942}") = "dopi12.1", "dopi12.1\dopi12.1.vcxproj", "{830B2B5E-E792-4BC1-84BB-E679B73B1A51}"
EndProject
Project("{8BC9CEB8-8B4A-11D0-8D11-00A0C91BC942}") = "dopi12.2", "dopi12.2\dopi12.2.vcxproj", "{AFCE0C34-DCBD-4798-AC5B-15398EA56DB2}"
EndProject
Global
	GlobalSection(SolutionConfigurationPlatforms) = preSolution
		Debug|x64 = Debug|x64
		Debug|x86 = Debug|x86
		Release|x64 = Release|x64
		Release|x86 = Release|x86
	EndGlobalSection
	GlobalSection(ProjectConfigurationPlatforms) = postSolution
		{C8062D03-ED2B-4570-8208-FA090A6C2CDB}.Debug|x64.ActiveCfg = Debug|x64
		{C8062D03-ED2B-4570-8208-FA090A6C2CDB}.Debug|x64.Build.0 = Debug|x64
		{C8062D03-ED2B-4570-8208-FA090A6C2CDB}.Debug|x86.ActiveCfg = Debug|Win32
		{C8062D03-ED2B-4570-8208-FA090A6C2CDB}.Debug|x86.Build.0 = Debug|Win32
		{C8062D03-ED2B-4570-8208-FA090A6C2CDB}.Release|x64.ActiveCfg = Release|x64
		{C8062D03-ED2B-4570-8208-FA090A6C2CDB}.Release|x64.Build.0 = Release|x64
		{C8062D03-ED2B-4570-8208-FA090A6C2CDB}.Release|x86.ActiveCfg = Release|Win32
		{C8062D03-ED2B-4570-8208-FA090A6C2CDB}.Release|x86.Build.0 = Release|Win32
		{33BD4F8B-923D-4B2C-8846-46E4F6A24EB6}.Debug|x64.ActiveCfg = Debug|x64
		{33BD4F8B-923D-4B2C-8846-46E4F6A24EB6}.Debug|x64.Build.0 = Debug|x64
		{33BD4F8B-923D-4B2C-8846-46E4F6A24EB6}.Debug|x86.ActiveCfg = Debug|Win32
		{33BD4F8B-923D-4B2C-8846-46E4F6A24EB6}.Debug|x86.Build.0 = Debug|Win32
		{33BD4F8B-923D-4B2C-8846-46E4F6A24EB6}.Release|x64.ActiveCfg = Release|x64
		{33BD4F8B-923D-4B2C-8846-46E4F6A24EB6}.Release|x64.Build.0 = Release|x64
		{33BD4F8B-923D-4B2C-8846-46E4F6A24EB6}.Release|x86.ActiveCfg = Release|Win32
		{33BD4F8B-923D-4B2C-8846-46E4F6A24EB6}.Release|x86.Build.0 = Release|Win32
		{C5436EFE-2446-40EC-9503-4A72BAEE4577}.Debug|x64.ActiveCfg = Debug|x64
		{C5436EFE-2446-40EC-9503-4A72BAEE4577}.Debug|x64.Build.0 = Debug|x64
		{C5436EFE-2446-40EC-9503-4A72BAEE4577}.Debug|x86.ActiveCfg = Debug|Win32
		{C5436EFE-2446-40EC-9503-4A72BAEE4577}.Debug|x86.Build.0 = Debug|Win32
		{C5436EFE-2446-40EC-9503-4A72BAEE4577}.Release|x64.ActiveCfg = Release|x64
		{C5436EFE-2446-40EC-9503-4A72BAEE4577}.Release|x64.Build.0 = Release|x64
		{C5436EFE-2446-40EC-9503-4A72BAEE4577}.Release|x86.ActiveCfg = Release|Win32
		{C5436EFE-2446-40EC-9503-4A72BAEE4577}.Release|x86.Build.0 = Release|Win32
		{C4C69A52-3402-45F6-B240-B06A2C337B23}.Debug|x64.ActiveCfg = Debug|x64
		{C4C69A52-3402-45F6-B240-B06A2C337B23}.Debug|x64.Build.0 = Debug|x64
		{C4C69A52-3402-45F6-B240-B06A2C337B23}.Debug|x86.ActiveCfg = Debug|Win32
		{C4C69A52-3402-45F6-B240-B06A2C337B23}.Debug|x86.Build.0 = Debug|Win32
		{C4C69A52-3402-45F6-B240-B06A2C337B23}.Release|x64.ActiveCfg = Release|x64
		{C4C69A52-3402-45F6-B240-B06A2C337B23}.Release|x64.Build.0 = Release|x64
		{C4C69A52-3402-45F6-B240-B06A2C337B23}.Release|x86.ActiveCfg = Release|Win32
		{C4C69A52-3402-45F6-B240-B06A2C337B23}.Release|x86.Build.0 = Release|Win32
		{D4553791-96E5-41DD-B07C-2EF604BDCBF4}.Debug|x64.ActiveCfg = Debug|x64
		{D4553791-96E5-41DD-B07C-2EF604BDCBF4}.Debug|x64.Build.0 = Debug|x64
		{D4553791-96E5-41DD-B07C-2EF604BDCBF4}.Debug|x86.ActiveCfg = Debug|Win32
		{D4553791-96E5-41DD-B07C-2EF604BDCBF4}.Debug|x86.Build.0 = Debug|Win32
		{D4553791-96E5-41DD-B07C-2EF604BDCBF4}.Release|x64.ActiveCfg = Release|x64
		{D4553791-96E5-41DD-B07C-2EF604BDCBF4}.Release|x64.Build.0 = Release|x64
		{D4553791-96E5-41DD-B07C-2EF604BDCBF4}.Release|x86.ActiveCfg = Release|Win32
		{D4553791-96E5-41DD-B07C-2EF604BDCBF4}.Release|x86.Build.0 = Release|Win32
		{71911A27-EBCA-4550-A606-7FE7750D1916}.Debug|x64.ActiveCfg = Debug|x64
		{71911A27-EBCA-4550-A606-7FE7750D1916}.Debug|x64.Build.0 = Debug|x64
		{71911A27-EBCA-4550-A606-7FE7750D1916}.Debug|x86.ActiveCfg = Debug|Win32
		{71911A27-EBCA-4550-A606-7FE7750D1916}.Debug|x86.Build.0 = Debug|Win32
		{71911A27-EBCA-4550-A606-7FE7750D1916}.Release|x64.ActiveCfg = Release|x64
		{71911A27-EBCA-4550-A606-7FE7750D1916}.Release|x64.Build.0 = Release|x64
		{71911A27-EBCA-4550-A606-7FE7750D1916}.Release|x86.ActiveCfg = Release|Win32
		{71911A27-EBCA-4550-A606-7FE7750D1916}.Release|x86.Build.0 = Release|Win32
		{93D1784A-39C3-41EE-8719-A4C7BA4D8D80}.Debug|x64.ActiveCfg = Debug|x64
		{93D1784A-39C3-41EE-8719-A4C7BA4D8D80}.Debug|x64.Build.0 = Debug|x64
		{93D1784A-39C3-41EE-8719-A4C7BA4D8D80}.Debug|x86.ActiveCfg = Debug|Win32
		{93D1784A-39C3-41EE-8719-A4C7BA4D8D80}.Debug|x86.Build.0 = Debug|Win32
		{93D1784A-39C3-41EE-8719-A4C7BA4D8D80}.Release|x64.ActiveCfg = Release|x64
		{93D1784A-39C3-41EE-8719-A4C7BA4D8D80}.Release|x64.Build.0 = Release|x64
		{93D1784A-39C3-41EE-8719-A4C7BA4D8D80}.Release|x86.ActiveCfg = Release|Win32
		{93D1784A-39C3-41EE-8719-A4C7BA4D8D80}.Release|x86.Build.0 = Release|Win32
		{0E659AAA-306B-4634-A8E6-A713E7121D81}.Debug|x64.ActiveCfg = Debug|x64
		{0E659AAA-306B-4634-A8E6-A713E7121D81}.Debug|x64.Build.0 = Debug|x64
		{0E659AAA-306B-4634-A8E6-A713E7121D81}.Debug|x86.ActiveCfg = Debug|Win32
		{0E659AAA-306B-4634-A8E6-A713E7121D81}.Debug|x86.Build.0 = Debug|Win32
		{0E659AAA-306B-4634-A8E6-A713E7121D81}.Release|x64.ActiveCfg = Release|x64
		{0E659AAA-306B-4634-A8E6-A713E7121D81}.Release|x64.Build.0 = Release|x64
		{0E659AAA-306B-4634-A8E6-A713E7121D81}.Release|x86.ActiveCfg = Release|Win32
		{0E659AAA-306B-4634-A8E6-A713E7121D81}.Release|x86.Build.0 = Release|Win32
		{6DD7A429-917E-4C90-BCF7-186B7AFEC518}.Debug|x64.ActiveCfg = Debug|x64
		{6DD7A429-917E-4C90-BCF7-186B7AFEC518}.Debug|x64.Build.0 = Debug|x64
		{6DD7A429-917E-4C90-BCF7-186B7AFEC518}.Debug|x86.ActiveCfg = Debug|Win32
		{6DD7A429-917E-4C90-BCF7-186B7AFEC518}.Debug|x86.Build.0 = Debug|Win32
		{6DD7A429-917E-4C90-BCF7-186B7AFEC518}.Release|x64.ActiveCfg = Release|x64
		{6DD7A429-917E-4C90-BCF7-186B7AFEC518}.Release|x64.Build.0 = Release|x64
		{6DD7A429-917E-4C90-BCF7-186B7AFEC518}.Release|x86.ActiveCfg = Release|Win32
		{6DD7A429-917E-4C90-BCF7-186B7AFEC518}.Release|x86.Build.0 = Release|Win32
		{F8851695-BB63-4CA3-A73C-E0FD4526CE5B}.Debug|x64.ActiveCfg = Debug|x64
		{F8851695-BB63-4CA3-A73C-E0FD4526CE5B}.Debug|x64.Build.0 = Debug|x64
		{F8851695-BB63-4CA3-A73C-E0FD4526CE5B}.Debug|x86.ActiveCfg = Debug|Win32
		{F8851695-BB63-4CA3-A73C-E0FD4526CE5B}.Debug|x86.Build.0 = Debug|Win32
		{F8851695-BB63-4CA3-A73C-E0FD4526CE5B}.Release|x64.ActiveCfg = Release|x64
		{F8851695-BB63-4CA3-A73C-E0FD4526CE5B}.Release|x64.Build.0 = Release|x64
		{F8851695-BB63-4CA3-A73C-E0FD4526CE5B}.Release|x86.ActiveCfg = Release|Win32
		{F8851695-BB63-4CA3-A73C-E0FD4526CE5B}.Release|x86.Build.0 = Release|Win32
		{830B2B5E-E792-4BC1-84BB-E679B73B1A51}.Debug|x64.ActiveCfg = Debug|x64
		{830B2B5E-E792-4BC1-84BB-E679B73B1A51}.Debug|x64.Build.0 = Debug|x64
		{830B2B5E-E792-4BC1-84BB-E679B73B1A51}.Debug|x86.ActiveCfg = Debug|Win32
		{830B2B5E-E792-4BC1-84BB-E679B73B1A51}.Debug|x86.Build.0 = Debug|Win32
		{830B2B5E-E792-4BC1-84BB-E679B73B1A51}.Release|x64.ActiveCfg = Release|x64
		{830B2B5E-E792-4BC1-84BB-E679B73B1A51}.Release|x64.Build.0 = Release|x64
		{830B2B5E-E792-4BC1-84BB-E679B73B1A51}.Release|x86.ActiveCfg = Release|Win32
		{830B2B5E-E792-4BC1-84BB-E679B73B1A51}.Release|x86.Build.0 = Release|Win32
		{AFCE0C34-DCBD-4798-AC5B-15398EA56DB2}.Debug|x64.ActiveCfg = Debug|x64
		{AFCE0C34-DCBD-4798-AC5B-15398EA56DB2}.Debug|x64.Build.0 = Debug|x64
		{AFCE0C34-DCBD-4798-AC5B-15398EA56DB2}.Debug|x86.ActiveCfg = Debug|Win32
		{AFCE0C34-DCBD-4798-AC5B-15398EA56DB2}.Debug|x86.Build.0 = Debug|Win32
		{AFCE0C34-DCBD-4798-AC5B-15398EA56DB2}.Release|x64.ActiveCfg = Release|x64
		{AFCE0C34-DCBD-4798-AC5B-15398EA56DB2}.Release|x64.Build.0 = Release|x64
		{AFCE0C34-DCBD-4798-AC5B-15398EA56DB2}.Release|x86.ActiveCfg = Release|Win32
		{AFCE0C34-DCBD-4798-AC5B-15398EA56DB2}.Release|x86.Build.0 = Release|Win32
	EndGlobalSection
	GlobalSection(SolutionProperties) = preSolution
		HideSolutionNode = FALSE
	EndGlobalSection
	GlobalSection(ExtensibilityGlobals) = postSolution
		SolutionGuid = {8BA165DF-8834-44F2-A697-E3F601F8E0FE}
	EndGlobalSection
EndGlobal
