
Microsoft Visual Studio Solution File, Format Version 12.00
# Visual Studio Version 17
VisualStudioVersion = 17.11.35327.3
MinimumVisualStudioVersion = 10.0.40219.1
Project("{8BC9CEB8-8B4A-11D0-8D11-00A0C91BC942}") = "laba17.1", "laba17.1\laba17.1.vcxproj", "{18EF6A79-F340-4439-B3F5-F6CBDEC20251}"
EndProject
Project("{8BC9CEB8-8B4A-11D0-8D11-00A0C91BC942}") = "laba17.2", "laba17.2\laba17.2.vcxproj", "{E4A4BA3D-0F03-4619-BC02-24182D56D5EC}"
EndProject
Project("{8BC9CEB8-8B4A-11D0-8D11-00A0C91BC942}") = "laba17.3", "laba17.3\laba17.3.vcxproj", "{C81E84C4-9894-422A-9BB4-22A647DF05AB}"
EndProject
Project("{8BC9CEB8-8B4A-11D0-8D11-00A0C91BC942}") = "laba17.4", "laba17.4\laba17.4.vcxproj", "{DEF21F89-740E-4F92-8088-84879599C3E9}"
EndProject
Project("{8BC9CEB8-8B4A-11D0-8D11-00A0C91BC942}") = "dopi1.1", "dopi1.1\dopi1.1.vcxproj", "{95E7D2C8-1107-49F7-972E-C1879F6A28CC}"
EndProject
Project("{8BC9CEB8-8B4A-11D0-8D11-00A0C91BC942}") = "dopi1.2", "dopi1.2\dopi1.2.vcxproj", "{61ADF792-37AC-41B9-A541-EBAC67BCA474}"
EndProject
Project("{8BC9CEB8-8B4A-11D0-8D11-00A0C91BC942}") = "dopi10.1", "dopi10.1\dopi10.1.vcxproj", "{5B6C57D7-00A9-4A7B-9A87-6B0EE8380BAF}"
EndProject
Project("{8BC9CEB8-8B4A-11D0-8D11-00A0C91BC942}") = "dopi10.2", "dopi10.2\dopi10.2.vcxproj", "{7E4AC6E0-5BF8-4F03-9612-1A1D36D1E3EB}"
EndProject
Project("{8BC9CEB8-8B4A-11D0-8D11-00A0C91BC942}") = "dopi15.1", "dopi15.1\dopi15.1.vcxproj", "{7F490D9B-041A-4A34-B9D3-5A0D6FB7F490}"
EndProject
Project("{8BC9CEB8-8B4A-11D0-8D11-00A0C91BC942}") = "dopi15.2", "dopi15.2\dopi15.2.vcxproj", "{D0AE6548-ABAC-46CB-88E7-AF7130FBA3F1}"
EndProject
Project("{8BC9CEB8-8B4A-11D0-8D11-00A0C91BC942}") = "dopi8.1", "dopi8.1\dopi8.1.vcxproj", "{AF258A5C-30AB-4704-BF34-70AD8DD6CF5A}"
EndProject
Project("{8BC9CEB8-8B4A-11D0-8D11-00A0C91BC942}") = "dopi8.2", "dopi8.2\dopi8.2.vcxproj", "{5EB3703F-3B2B-418A-9D5C-DE2F39121497}"
EndProject
Global
	GlobalSection(SolutionConfigurationPlatforms) = preSolution
		Debug|x64 = Debug|x64
		Debug|x86 = Debug|x86
		Release|x64 = Release|x64
		Release|x86 = Release|x86
	EndGlobalSection
	GlobalSection(ProjectConfigurationPlatforms) = postSolution
		{18EF6A79-F340-4439-B3F5-F6CBDEC20251}.Debug|x64.ActiveCfg = Debug|x64
		{18EF6A79-F340-4439-B3F5-F6CBDEC20251}.Debug|x64.Build.0 = Debug|x64
		{18EF6A79-F340-4439-B3F5-F6CBDEC20251}.Debug|x86.ActiveCfg = Debug|Win32
		{18EF6A79-F340-4439-B3F5-F6CBDEC20251}.Debug|x86.Build.0 = Debug|Win32
		{18EF6A79-F340-4439-B3F5-F6CBDEC20251}.Release|x64.ActiveCfg = Release|x64
		{18EF6A79-F340-4439-B3F5-F6CBDEC20251}.Release|x64.Build.0 = Release|x64
		{18EF6A79-F340-4439-B3F5-F6CBDEC20251}.Release|x86.ActiveCfg = Release|Win32
		{18EF6A79-F340-4439-B3F5-F6CBDEC20251}.Release|x86.Build.0 = Release|Win32
		{E4A4BA3D-0F03-4619-BC02-24182D56D5EC}.Debug|x64.ActiveCfg = Debug|x64
		{E4A4BA3D-0F03-4619-BC02-24182D56D5EC}.Debug|x64.Build.0 = Debug|x64
		{E4A4BA3D-0F03-4619-BC02-24182D56D5EC}.Debug|x86.ActiveCfg = Debug|Win32
		{E4A4BA3D-0F03-4619-BC02-24182D56D5EC}.Debug|x86.Build.0 = Debug|Win32
		{E4A4BA3D-0F03-4619-BC02-24182D56D5EC}.Release|x64.ActiveCfg = Release|x64
		{E4A4BA3D-0F03-4619-BC02-24182D56D5EC}.Release|x64.Build.0 = Release|x64
		{E4A4BA3D-0F03-4619-BC02-24182D56D5EC}.Release|x86.ActiveCfg = Release|Win32
		{E4A4BA3D-0F03-4619-BC02-24182D56D5EC}.Release|x86.Build.0 = Release|Win32
		{C81E84C4-9894-422A-9BB4-22A647DF05AB}.Debug|x64.ActiveCfg = Debug|x64
		{C81E84C4-9894-422A-9BB4-22A647DF05AB}.Debug|x64.Build.0 = Debug|x64
		{C81E84C4-9894-422A-9BB4-22A647DF05AB}.Debug|x86.ActiveCfg = Debug|Win32
		{C81E84C4-9894-422A-9BB4-22A647DF05AB}.Debug|x86.Build.0 = Debug|Win32
		{C81E84C4-9894-422A-9BB4-22A647DF05AB}.Release|x64.ActiveCfg = Release|x64
		{C81E84C4-9894-422A-9BB4-22A647DF05AB}.Release|x64.Build.0 = Release|x64
		{C81E84C4-9894-422A-9BB4-22A647DF05AB}.Release|x86.ActiveCfg = Release|Win32
		{C81E84C4-9894-422A-9BB4-22A647DF05AB}.Release|x86.Build.0 = Release|Win32
		{DEF21F89-740E-4F92-8088-84879599C3E9}.Debug|x64.ActiveCfg = Debug|x64
		{DEF21F89-740E-4F92-8088-84879599C3E9}.Debug|x64.Build.0 = Debug|x64
		{DEF21F89-740E-4F92-8088-84879599C3E9}.Debug|x86.ActiveCfg = Debug|Win32
		{DEF21F89-740E-4F92-8088-84879599C3E9}.Debug|x86.Build.0 = Debug|Win32
		{DEF21F89-740E-4F92-8088-84879599C3E9}.Release|x64.ActiveCfg = Release|x64
		{DEF21F89-740E-4F92-8088-84879599C3E9}.Release|x64.Build.0 = Release|x64
		{DEF21F89-740E-4F92-8088-84879599C3E9}.Release|x86.ActiveCfg = Release|Win32
		{DEF21F89-740E-4F92-8088-84879599C3E9}.Release|x86.Build.0 = Release|Win32
		{95E7D2C8-1107-49F7-972E-C1879F6A28CC}.Debug|x64.ActiveCfg = Debug|x64
		{95E7D2C8-1107-49F7-972E-C1879F6A28CC}.Debug|x64.Build.0 = Debug|x64
		{95E7D2C8-1107-49F7-972E-C1879F6A28CC}.Debug|x86.ActiveCfg = Debug|Win32
		{95E7D2C8-1107-49F7-972E-C1879F6A28CC}.Debug|x86.Build.0 = Debug|Win32
		{95E7D2C8-1107-49F7-972E-C1879F6A28CC}.Release|x64.ActiveCfg = Release|x64
		{95E7D2C8-1107-49F7-972E-C1879F6A28CC}.Release|x64.Build.0 = Release|x64
		{95E7D2C8-1107-49F7-972E-C1879F6A28CC}.Release|x86.ActiveCfg = Release|Win32
		{95E7D2C8-1107-49F7-972E-C1879F6A28CC}.Release|x86.Build.0 = Release|Win32
		{61ADF792-37AC-41B9-A541-EBAC67BCA474}.Debug|x64.ActiveCfg = Debug|x64
		{61ADF792-37AC-41B9-A541-EBAC67BCA474}.Debug|x64.Build.0 = Debug|x64
		{61ADF792-37AC-41B9-A541-EBAC67BCA474}.Debug|x86.ActiveCfg = Debug|Win32
		{61ADF792-37AC-41B9-A541-EBAC67BCA474}.Debug|x86.Build.0 = Debug|Win32
		{61ADF792-37AC-41B9-A541-EBAC67BCA474}.Release|x64.ActiveCfg = Release|x64
		{61ADF792-37AC-41B9-A541-EBAC67BCA474}.Release|x64.Build.0 = Release|x64
		{61ADF792-37AC-41B9-A541-EBAC67BCA474}.Release|x86.ActiveCfg = Release|Win32
		{61ADF792-37AC-41B9-A541-EBAC67BCA474}.Release|x86.Build.0 = Release|Win32
		{5B6C57D7-00A9-4A7B-9A87-6B0EE8380BAF}.Debug|x64.ActiveCfg = Debug|x64
		{5B6C57D7-00A9-4A7B-9A87-6B0EE8380BAF}.Debug|x64.Build.0 = Debug|x64
		{5B6C57D7-00A9-4A7B-9A87-6B0EE8380BAF}.Debug|x86.ActiveCfg = Debug|Win32
		{5B6C57D7-00A9-4A7B-9A87-6B0EE8380BAF}.Debug|x86.Build.0 = Debug|Win32
		{5B6C57D7-00A9-4A7B-9A87-6B0EE8380BAF}.Release|x64.ActiveCfg = Release|x64
		{5B6C57D7-00A9-4A7B-9A87-6B0EE8380BAF}.Release|x64.Build.0 = Release|x64
		{5B6C57D7-00A9-4A7B-9A87-6B0EE8380BAF}.Release|x86.ActiveCfg = Release|Win32
		{5B6C57D7-00A9-4A7B-9A87-6B0EE8380BAF}.Release|x86.Build.0 = Release|Win32
		{7E4AC6E0-5BF8-4F03-9612-1A1D36D1E3EB}.Debug|x64.ActiveCfg = Debug|x64
		{7E4AC6E0-5BF8-4F03-9612-1A1D36D1E3EB}.Debug|x64.Build.0 = Debug|x64
		{7E4AC6E0-5BF8-4F03-9612-1A1D36D1E3EB}.Debug|x86.ActiveCfg = Debug|Win32
		{7E4AC6E0-5BF8-4F03-9612-1A1D36D1E3EB}.Debug|x86.Build.0 = Debug|Win32
		{7E4AC6E0-5BF8-4F03-9612-1A1D36D1E3EB}.Release|x64.ActiveCfg = Release|x64
		{7E4AC6E0-5BF8-4F03-9612-1A1D36D1E3EB}.Release|x64.Build.0 = Release|x64
		{7E4AC6E0-5BF8-4F03-9612-1A1D36D1E3EB}.Release|x86.ActiveCfg = Release|Win32
		{7E4AC6E0-5BF8-4F03-9612-1A1D36D1E3EB}.Release|x86.Build.0 = Release|Win32
		{7F490D9B-041A-4A34-B9D3-5A0D6FB7F490}.Debug|x64.ActiveCfg = Debug|x64
		{7F490D9B-041A-4A34-B9D3-5A0D6FB7F490}.Debug|x64.Build.0 = Debug|x64
		{7F490D9B-041A-4A34-B9D3-5A0D6FB7F490}.Debug|x86.ActiveCfg = Debug|Win32
		{7F490D9B-041A-4A34-B9D3-5A0D6FB7F490}.Debug|x86.Build.0 = Debug|Win32
		{7F490D9B-041A-4A34-B9D3-5A0D6FB7F490}.Release|x64.ActiveCfg = Release|x64
		{7F490D9B-041A-4A34-B9D3-5A0D6FB7F490}.Release|x64.Build.0 = Release|x64
		{7F490D9B-041A-4A34-B9D3-5A0D6FB7F490}.Release|x86.ActiveCfg = Release|Win32
		{7F490D9B-041A-4A34-B9D3-5A0D6FB7F490}.Release|x86.Build.0 = Release|Win32
		{D0AE6548-ABAC-46CB-88E7-AF7130FBA3F1}.Debug|x64.ActiveCfg = Debug|x64
		{D0AE6548-ABAC-46CB-88E7-AF7130FBA3F1}.Debug|x64.Build.0 = Debug|x64
		{D0AE6548-ABAC-46CB-88E7-AF7130FBA3F1}.Debug|x86.ActiveCfg = Debug|Win32
		{D0AE6548-ABAC-46CB-88E7-AF7130FBA3F1}.Debug|x86.Build.0 = Debug|Win32
		{D0AE6548-ABAC-46CB-88E7-AF7130FBA3F1}.Release|x64.ActiveCfg = Release|x64
		{D0AE6548-ABAC-46CB-88E7-AF7130FBA3F1}.Release|x64.Build.0 = Release|x64
		{D0AE6548-ABAC-46CB-88E7-AF7130FBA3F1}.Release|x86.ActiveCfg = Release|Win32
		{D0AE6548-ABAC-46CB-88E7-AF7130FBA3F1}.Release|x86.Build.0 = Release|Win32
		{AF258A5C-30AB-4704-BF34-70AD8DD6CF5A}.Debug|x64.ActiveCfg = Debug|x64
		{AF258A5C-30AB-4704-BF34-70AD8DD6CF5A}.Debug|x64.Build.0 = Debug|x64
		{AF258A5C-30AB-4704-BF34-70AD8DD6CF5A}.Debug|x86.ActiveCfg = Debug|Win32
		{AF258A5C-30AB-4704-BF34-70AD8DD6CF5A}.Debug|x86.Build.0 = Debug|Win32
		{AF258A5C-30AB-4704-BF34-70AD8DD6CF5A}.Release|x64.ActiveCfg = Release|x64
		{AF258A5C-30AB-4704-BF34-70AD8DD6CF5A}.Release|x64.Build.0 = Release|x64
		{AF258A5C-30AB-4704-BF34-70AD8DD6CF5A}.Release|x86.ActiveCfg = Release|Win32
		{AF258A5C-30AB-4704-BF34-70AD8DD6CF5A}.Release|x86.Build.0 = Release|Win32
		{5EB3703F-3B2B-418A-9D5C-DE2F39121497}.Debug|x64.ActiveCfg = Debug|x64
		{5EB3703F-3B2B-418A-9D5C-DE2F39121497}.Debug|x64.Build.0 = Debug|x64
		{5EB3703F-3B2B-418A-9D5C-DE2F39121497}.Debug|x86.ActiveCfg = Debug|Win32
		{5EB3703F-3B2B-418A-9D5C-DE2F39121497}.Debug|x86.Build.0 = Debug|Win32
		{5EB3703F-3B2B-418A-9D5C-DE2F39121497}.Release|x64.ActiveCfg = Release|x64
		{5EB3703F-3B2B-418A-9D5C-DE2F39121497}.Release|x64.Build.0 = Release|x64
		{5EB3703F-3B2B-418A-9D5C-DE2F39121497}.Release|x86.ActiveCfg = Release|Win32
		{5EB3703F-3B2B-418A-9D5C-DE2F39121497}.Release|x86.Build.0 = Release|Win32
	EndGlobalSection
	GlobalSection(SolutionProperties) = preSolution
		HideSolutionNode = FALSE
	EndGlobalSection
	GlobalSection(ExtensibilityGlobals) = postSolution
		SolutionGuid = {0EBBE639-11BD-4321-B24F-5BF11EF10929}
	EndGlobalSection
EndGlobal
