
Microsoft Visual Studio Solution File, Format Version 12.00
# Visual Studio Version 17
VisualStudioVersion = 17.11.35208.52
MinimumVisualStudioVersion = 10.0.40219.1
Project("{8BC9CEB8-8B4A-11D0-8D11-00A0C91BC942}") = "dopi7", "dopi7\dopi7.vcxproj", "{DB0D486D-DAB0-49CA-AA73-B02097C54957}"
EndProject
Project("{8BC9CEB8-8B4A-11D0-8D11-00A0C91BC942}") = "dopi7.2", "dopi7.2\dopi7.2.vcxproj", "{704EE159-27AF-424F-9974-89539BE698B1}"
EndProject
Project("{8BC9CEB8-8B4A-11D0-8D11-00A0C91BC942}") = "dopi7.4", "dopi7.4\dopi7.4.vcxproj", "{4B0C6F49-AE56-40B3-BFF8-FC84768FFB73}"
EndProject
Global
	GlobalSection(SolutionConfigurationPlatforms) = preSolution
		Debug|x64 = Debug|x64
		Debug|x86 = Debug|x86
		Release|x64 = Release|x64
		Release|x86 = Release|x86
	EndGlobalSection
	GlobalSection(ProjectConfigurationPlatforms) = postSolution
		{DB0D486D-DAB0-49CA-AA73-B02097C54957}.Debug|x64.ActiveCfg = Debug|x64
		{DB0D486D-DAB0-49CA-AA73-B02097C54957}.Debug|x64.Build.0 = Debug|x64
		{DB0D486D-DAB0-49CA-AA73-B02097C54957}.Debug|x86.ActiveCfg = Debug|Win32
		{DB0D486D-DAB0-49CA-AA73-B02097C54957}.Debug|x86.Build.0 = Debug|Win32
		{DB0D486D-DAB0-49CA-AA73-B02097C54957}.Release|x64.ActiveCfg = Release|x64
		{DB0D486D-DAB0-49CA-AA73-B02097C54957}.Release|x64.Build.0 = Release|x64
		{DB0D486D-DAB0-49CA-AA73-B02097C54957}.Release|x86.ActiveCfg = Release|Win32
		{DB0D486D-DAB0-49CA-AA73-B02097C54957}.Release|x86.Build.0 = Release|Win32
		{704EE159-27AF-424F-9974-89539BE698B1}.Debug|x64.ActiveCfg = Debug|x64
		{704EE159-27AF-424F-9974-89539BE698B1}.Debug|x64.Build.0 = Debug|x64
		{704EE159-27AF-424F-9974-89539BE698B1}.Debug|x86.ActiveCfg = Debug|Win32
		{704EE159-27AF-424F-9974-89539BE698B1}.Debug|x86.Build.0 = Debug|Win32
		{704EE159-27AF-424F-9974-89539BE698B1}.Release|x64.ActiveCfg = Release|x64
		{704EE159-27AF-424F-9974-89539BE698B1}.Release|x64.Build.0 = Release|x64
		{704EE159-27AF-424F-9974-89539BE698B1}.Release|x86.ActiveCfg = Release|Win32
		{704EE159-27AF-424F-9974-89539BE698B1}.Release|x86.Build.0 = Release|Win32
		{4B0C6F49-AE56-40B3-BFF8-FC84768FFB73}.Debug|x64.ActiveCfg = Debug|x64
		{4B0C6F49-AE56-40B3-BFF8-FC84768FFB73}.Debug|x64.Build.0 = Debug|x64
		{4B0C6F49-AE56-40B3-BFF8-FC84768FFB73}.Debug|x86.ActiveCfg = Debug|Win32
		{4B0C6F49-AE56-40B3-BFF8-FC84768FFB73}.Debug|x86.Build.0 = Debug|Win32
		{4B0C6F49-AE56-40B3-BFF8-FC84768FFB73}.Release|x64.ActiveCfg = Release|x64
		{4B0C6F49-AE56-40B3-BFF8-FC84768FFB73}.Release|x64.Build.0 = Release|x64
		{4B0C6F49-AE56-40B3-BFF8-FC84768FFB73}.Release|x86.ActiveCfg = Release|Win32
		{4B0C6F49-AE56-40B3-BFF8-FC84768FFB73}.Release|x86.Build.0 = Release|Win32
	EndGlobalSection
	GlobalSection(SolutionProperties) = preSolution
		HideSolutionNode = FALSE
	EndGlobalSection
	GlobalSection(ExtensibilityGlobals) = postSolution
		SolutionGuid = {6C7D5561-A394-4887-A91D-375EB38F3980}
	EndGlobalSection
EndGlobal
