
Microsoft Visual Studio Solution File, Format Version 12.00
# Visual Studio Version 17
VisualStudioVersion = 17.11.35327.3
MinimumVisualStudioVersion = 10.0.40219.1
Project("{8BC9CEB8-8B4A-11D0-8D11-00A0C91BC942}") = "laba15.1", "laba15.1\laba15.1.vcxproj", "{4EEECC1F-3E61-46B5-8CB7-9E5BACE05D88}"
EndProject
Project("{8BC9CEB8-8B4A-11D0-8D11-00A0C91BC942}") = "laba15.2", "laba15.2\laba15.2.vcxproj", "{8A9A343A-5852-4EDA-A3D3-F6400E2428FD}"
EndProject
Project("{8BC9CEB8-8B4A-11D0-8D11-00A0C91BC942}") = "laba15.3", "laba15.3\laba15.3.vcxproj", "{37425B10-81E5-41AB-B363-762F4AF3946E}"
EndProject
Project("{8BC9CEB8-8B4A-11D0-8D11-00A0C91BC942}") = "dopi1.1", "dopi1.1\dopi1.1.vcxproj", "{56CEC7F3-5595-4B25-BDD2-24F19EF7749B}"
EndProject
Project("{8BC9CEB8-8B4A-11D0-8D11-00A0C91BC942}") = "dopi1.2", "dopi1.2\dopi1.2.vcxproj", "{FF08088C-60CF-45C2-83F9-1E23EAA64632}"
EndProject
Project("{8BC9CEB8-8B4A-11D0-8D11-00A0C91BC942}") = "dopi16.1", "dopi16.1\dopi16.1.vcxproj", "{07D25B4D-186C-44F3-9DB1-0B28EBCC30E5}"
EndProject
Project("{8BC9CEB8-8B4A-11D0-8D11-00A0C91BC942}") = "dopi16.2", "dopi16.2\dopi16.2.vcxproj", "{F0524FA0-F6C1-4734-9C83-5CE4B55F70A6}"
EndProject
Project("{8BC9CEB8-8B4A-11D0-8D11-00A0C91BC942}") = "dopi8.1", "dopi8.1\dopi8.1.vcxproj", "{ACC93B61-CF3B-433F-B046-D6791A444398}"
EndProject
Project("{8BC9CEB8-8B4A-11D0-8D11-00A0C91BC942}") = "dopi8.2", "dopi8.2\dopi8.2.vcxproj", "{6768905C-AD68-4DC9-B347-598E0F6FA0CD}"
EndProject
Project("{8BC9CEB8-8B4A-11D0-8D11-00A0C91BC942}") = "dopi3.1", "dopi3.1\dopi3.1.vcxproj", "{1BF82EA1-4477-48BC-A6E4-0EDD8F4103DE}"
EndProject
Project("{8BC9CEB8-8B4A-11D0-8D11-00A0C91BC942}") = "dopi3.2", "dopi3.2\dopi3.2.vcxproj", "{0F04901E-40C7-4B9A-B0B8-3E4BA8F93179}"
EndProject
Global
	GlobalSection(SolutionConfigurationPlatforms) = preSolution
		Debug|x64 = Debug|x64
		Debug|x86 = Debug|x86
		Release|x64 = Release|x64
		Release|x86 = Release|x86
	EndGlobalSection
	GlobalSection(ProjectConfigurationPlatforms) = postSolution
		{4EEECC1F-3E61-46B5-8CB7-9E5BACE05D88}.Debug|x64.ActiveCfg = Debug|x64
		{4EEECC1F-3E61-46B5-8CB7-9E5BACE05D88}.Debug|x64.Build.0 = Debug|x64
		{4EEECC1F-3E61-46B5-8CB7-9E5BACE05D88}.Debug|x86.ActiveCfg = Debug|Win32
		{4EEECC1F-3E61-46B5-8CB7-9E5BACE05D88}.Debug|x86.Build.0 = Debug|Win32
		{4EEECC1F-3E61-46B5-8CB7-9E5BACE05D88}.Release|x64.ActiveCfg = Release|x64
		{4EEECC1F-3E61-46B5-8CB7-9E5BACE05D88}.Release|x64.Build.0 = Release|x64
		{4EEECC1F-3E61-46B5-8CB7-9E5BACE05D88}.Release|x86.ActiveCfg = Release|Win32
		{4EEECC1F-3E61-46B5-8CB7-9E5BACE05D88}.Release|x86.Build.0 = Release|Win32
		{8A9A343A-5852-4EDA-A3D3-F6400E2428FD}.Debug|x64.ActiveCfg = Debug|x64
		{8A9A343A-5852-4EDA-A3D3-F6400E2428FD}.Debug|x64.Build.0 = Debug|x64
		{8A9A343A-5852-4EDA-A3D3-F6400E2428FD}.Debug|x86.ActiveCfg = Debug|Win32
		{8A9A343A-5852-4EDA-A3D3-F6400E2428FD}.Debug|x86.Build.0 = Debug|Win32
		{8A9A343A-5852-4EDA-A3D3-F6400E2428FD}.Release|x64.ActiveCfg = Release|x64
		{8A9A343A-5852-4EDA-A3D3-F6400E2428FD}.Release|x64.Build.0 = Release|x64
		{8A9A343A-5852-4EDA-A3D3-F6400E2428FD}.Release|x86.ActiveCfg = Release|Win32
		{8A9A343A-5852-4EDA-A3D3-F6400E2428FD}.Release|x86.Build.0 = Release|Win32
		{37425B10-81E5-41AB-B363-762F4AF3946E}.Debug|x64.ActiveCfg = Debug|x64
		{37425B10-81E5-41AB-B363-762F4AF3946E}.Debug|x64.Build.0 = Debug|x64
		{37425B10-81E5-41AB-B363-762F4AF3946E}.Debug|x86.ActiveCfg = Debug|Win32
		{37425B10-81E5-41AB-B363-762F4AF3946E}.Debug|x86.Build.0 = Debug|Win32
		{37425B10-81E5-41AB-B363-762F4AF3946E}.Release|x64.ActiveCfg = Release|x64
		{37425B10-81E5-41AB-B363-762F4AF3946E}.Release|x64.Build.0 = Release|x64
		{37425B10-81E5-41AB-B363-762F4AF3946E}.Release|x86.ActiveCfg = Release|Win32
		{37425B10-81E5-41AB-B363-762F4AF3946E}.Release|x86.Build.0 = Release|Win32
		{56CEC7F3-5595-4B25-BDD2-24F19EF7749B}.Debug|x64.ActiveCfg = Debug|x64
		{56CEC7F3-5595-4B25-BDD2-24F19EF7749B}.Debug|x64.Build.0 = Debug|x64
		{56CEC7F3-5595-4B25-BDD2-24F19EF7749B}.Debug|x86.ActiveCfg = Debug|Win32
		{56CEC7F3-5595-4B25-BDD2-24F19EF7749B}.Debug|x86.Build.0 = Debug|Win32
		{56CEC7F3-5595-4B25-BDD2-24F19EF7749B}.Release|x64.ActiveCfg = Release|x64
		{56CEC7F3-5595-4B25-BDD2-24F19EF7749B}.Release|x64.Build.0 = Release|x64
		{56CEC7F3-5595-4B25-BDD2-24F19EF7749B}.Release|x86.ActiveCfg = Release|Win32
		{56CEC7F3-5595-4B25-BDD2-24F19EF7749B}.Release|x86.Build.0 = Release|Win32
		{FF08088C-60CF-45C2-83F9-1E23EAA64632}.Debug|x64.ActiveCfg = Debug|x64
		{FF08088C-60CF-45C2-83F9-1E23EAA64632}.Debug|x64.Build.0 = Debug|x64
		{FF08088C-60CF-45C2-83F9-1E23EAA64632}.Debug|x86.ActiveCfg = Debug|Win32
		{FF08088C-60CF-45C2-83F9-1E23EAA64632}.Debug|x86.Build.0 = Debug|Win32
		{FF08088C-60CF-45C2-83F9-1E23EAA64632}.Release|x64.ActiveCfg = Release|x64
		{FF08088C-60CF-45C2-83F9-1E23EAA64632}.Release|x64.Build.0 = Release|x64
		{FF08088C-60CF-45C2-83F9-1E23EAA64632}.Release|x86.ActiveCfg = Release|Win32
		{FF08088C-60CF-45C2-83F9-1E23EAA64632}.Release|x86.Build.0 = Release|Win32
		{07D25B4D-186C-44F3-9DB1-0B28EBCC30E5}.Debug|x64.ActiveCfg = Debug|x64
		{07D25B4D-186C-44F3-9DB1-0B28EBCC30E5}.Debug|x64.Build.0 = Debug|x64
		{07D25B4D-186C-44F3-9DB1-0B28EBCC30E5}.Debug|x86.ActiveCfg = Debug|Win32
		{07D25B4D-186C-44F3-9DB1-0B28EBCC30E5}.Debug|x86.Build.0 = Debug|Win32
		{07D25B4D-186C-44F3-9DB1-0B28EBCC30E5}.Release|x64.ActiveCfg = Release|x64
		{07D25B4D-186C-44F3-9DB1-0B28EBCC30E5}.Release|x64.Build.0 = Release|x64
		{07D25B4D-186C-44F3-9DB1-0B28EBCC30E5}.Release|x86.ActiveCfg = Release|Win32
		{07D25B4D-186C-44F3-9DB1-0B28EBCC30E5}.Release|x86.Build.0 = Release|Win32
		{F0524FA0-F6C1-4734-9C83-5CE4B55F70A6}.Debug|x64.ActiveCfg = Debug|x64
		{F0524FA0-F6C1-4734-9C83-5CE4B55F70A6}.Debug|x64.Build.0 = Debug|x64
		{F0524FA0-F6C1-4734-9C83-5CE4B55F70A6}.Debug|x86.ActiveCfg = Debug|Win32
		{F0524FA0-F6C1-4734-9C83-5CE4B55F70A6}.Debug|x86.Build.0 = Debug|Win32
		{F0524FA0-F6C1-4734-9C83-5CE4B55F70A6}.Release|x64.ActiveCfg = Release|x64
		{F0524FA0-F6C1-4734-9C83-5CE4B55F70A6}.Release|x64.Build.0 = Release|x64
		{F0524FA0-F6C1-4734-9C83-5CE4B55F70A6}.Release|x86.ActiveCfg = Release|Win32
		{F0524FA0-F6C1-4734-9C83-5CE4B55F70A6}.Release|x86.Build.0 = Release|Win32
		{ACC93B61-CF3B-433F-B046-D6791A444398}.Debug|x64.ActiveCfg = Debug|x64
		{ACC93B61-CF3B-433F-B046-D6791A444398}.Debug|x64.Build.0 = Debug|x64
		{ACC93B61-CF3B-433F-B046-D6791A444398}.Debug|x86.ActiveCfg = Debug|Win32
		{ACC93B61-CF3B-433F-B046-D6791A444398}.Debug|x86.Build.0 = Debug|Win32
		{ACC93B61-CF3B-433F-B046-D6791A444398}.Release|x64.ActiveCfg = Release|x64
		{ACC93B61-CF3B-433F-B046-D6791A444398}.Release|x64.Build.0 = Release|x64
		{ACC93B61-CF3B-433F-B046-D6791A444398}.Release|x86.ActiveCfg = Release|Win32
		{ACC93B61-CF3B-433F-B046-D6791A444398}.Release|x86.Build.0 = Release|Win32
		{6768905C-AD68-4DC9-B347-598E0F6FA0CD}.Debug|x64.ActiveCfg = Debug|x64
		{6768905C-AD68-4DC9-B347-598E0F6FA0CD}.Debug|x64.Build.0 = Debug|x64
		{6768905C-AD68-4DC9-B347-598E0F6FA0CD}.Debug|x86.ActiveCfg = Debug|Win32
		{6768905C-AD68-4DC9-B347-598E0F6FA0CD}.Debug|x86.Build.0 = Debug|Win32
		{6768905C-AD68-4DC9-B347-598E0F6FA0CD}.Release|x64.ActiveCfg = Release|x64
		{6768905C-AD68-4DC9-B347-598E0F6FA0CD}.Release|x64.Build.0 = Release|x64
		{6768905C-AD68-4DC9-B347-598E0F6FA0CD}.Release|x86.ActiveCfg = Release|Win32
		{6768905C-AD68-4DC9-B347-598E0F6FA0CD}.Release|x86.Build.0 = Release|Win32
		{1BF82EA1-4477-48BC-A6E4-0EDD8F4103DE}.Debug|x64.ActiveCfg = Debug|x64
		{1BF82EA1-4477-48BC-A6E4-0EDD8F4103DE}.Debug|x64.Build.0 = Debug|x64
		{1BF82EA1-4477-48BC-A6E4-0EDD8F4103DE}.Debug|x86.ActiveCfg = Debug|Win32
		{1BF82EA1-4477-48BC-A6E4-0EDD8F4103DE}.Debug|x86.Build.0 = Debug|Win32
		{1BF82EA1-4477-48BC-A6E4-0EDD8F4103DE}.Release|x64.ActiveCfg = Release|x64
		{1BF82EA1-4477-48BC-A6E4-0EDD8F4103DE}.Release|x64.Build.0 = Release|x64
		{1BF82EA1-4477-48BC-A6E4-0EDD8F4103DE}.Release|x86.ActiveCfg = Release|Win32
		{1BF82EA1-4477-48BC-A6E4-0EDD8F4103DE}.Release|x86.Build.0 = Release|Win32
		{0F04901E-40C7-4B9A-B0B8-3E4BA8F93179}.Debug|x64.ActiveCfg = Debug|x64
		{0F04901E-40C7-4B9A-B0B8-3E4BA8F93179}.Debug|x64.Build.0 = Debug|x64
		{0F04901E-40C7-4B9A-B0B8-3E4BA8F93179}.Debug|x86.ActiveCfg = Debug|Win32
		{0F04901E-40C7-4B9A-B0B8-3E4BA8F93179}.Debug|x86.Build.0 = Debug|Win32
		{0F04901E-40C7-4B9A-B0B8-3E4BA8F93179}.Release|x64.ActiveCfg = Release|x64
		{0F04901E-40C7-4B9A-B0B8-3E4BA8F93179}.Release|x64.Build.0 = Release|x64
		{0F04901E-40C7-4B9A-B0B8-3E4BA8F93179}.Release|x86.ActiveCfg = Release|Win32
		{0F04901E-40C7-4B9A-B0B8-3E4BA8F93179}.Release|x86.Build.0 = Release|Win32
	EndGlobalSection
	GlobalSection(SolutionProperties) = preSolution
		HideSolutionNode = FALSE
	EndGlobalSection
	GlobalSection(ExtensibilityGlobals) = postSolution
		SolutionGuid = {5B9E1229-8452-45EB-9D1C-A181A00A6ECF}
	EndGlobalSection
EndGlobal
