
Microsoft Visual Studio Solution File, Format Version 12.00
# Visual Studio Version 17
VisualStudioVersion = 17.11.35327.3
MinimumVisualStudioVersion = 10.0.40219.1
Project("{8BC9CEB8-8B4A-11D0-8D11-00A0C91BC942}") = "laba3.1", "laba3.1\laba3.1.vcxproj", "{9A6CE7DC-0917-4406-9713-F51AC5D3DDB4}"
EndProject
Project("{8BC9CEB8-8B4A-11D0-8D11-00A0C91BC942}") = "laba3.2", "laba3.2\laba3.2.vcxproj", "{3FA9C1D8-7162-492A-ADC9-59CE23DC21AB}"
EndProject
Project("{8BC9CEB8-8B4A-11D0-8D11-00A0C91BC942}") = "laba3.3", "laba3.3\laba3.3.vcxproj", "{64511A08-7504-4E33-8B0F-C1234314F1F0}"
EndProject
Project("{8BC9CEB8-8B4A-11D0-8D11-00A0C91BC942}") = "laba3.4", "laba3.4\laba3.4.vcxproj", "{34F25161-7A0C-48F1-8A00-84D12A3DE673}"
EndProject
Project("{8BC9CEB8-8B4A-11D0-8D11-00A0C91BC942}") = "dopi1.1", "dopi1\dopi1.vcxproj", "{FF35B745-E4A3-4767-A11E-1A7D17414032}"
EndProject
Project("{8BC9CEB8-8B4A-11D0-8D11-00A0C91BC942}") = "dopi1.2", "dopi1.2\dopi1.2.vcxproj", "{DCAF1F3B-1EA2-4DF0-9977-35FE08261AA8}"
EndProject
Project("{8BC9CEB8-8B4A-11D0-8D11-00A0C91BC942}") = "dopi3.1", "dopi3.1\dopi3.1.vcxproj", "{FE9BACB7-04B7-4484-9DDC-1DC0CA90D3FC}"
EndProject
Project("{8BC9CEB8-8B4A-11D0-8D11-00A0C91BC942}") = "dopi3.2", "dopi3.2\dopi3.2.vcxproj", "{FDAC8962-0DC5-427F-B3BA-C9886BA9BA42}"
EndProject
Project("{8BC9CEB8-8B4A-11D0-8D11-00A0C91BC942}") = "dopi5.1", "dopi5.1\dopi5.1.vcxproj", "{B1750197-44BC-40FA-92EA-14FC8D9AAEA7}"
EndProject
Project("{8BC9CEB8-8B4A-11D0-8D11-00A0C91BC942}") = "dopi5.2", "dopi5.2\dopi5.2.vcxproj", "{C08B21B8-0FD3-4AD0-BD86-7E9D333DD4F4}"
EndProject
Project("{8BC9CEB8-8B4A-11D0-8D11-00A0C91BC942}") = "dopi7.1", "dopi7.1\dopi7.1.vcxproj", "{BE80B0D0-F307-4675-B253-412396687EAD}"
EndProject
Project("{8BC9CEB8-8B4A-11D0-8D11-00A0C91BC942}") = "dopi7.2", "dopi7.2\dopi7.2.vcxproj", "{67A3534C-B76D-4EF0-A395-4E6E17C28EF0}"
EndProject
Global
	GlobalSection(SolutionConfigurationPlatforms) = preSolution
		Debug|x64 = Debug|x64
		Debug|x86 = Debug|x86
		Release|x64 = Release|x64
		Release|x86 = Release|x86
	EndGlobalSection
	GlobalSection(ProjectConfigurationPlatforms) = postSolution
		{9A6CE7DC-0917-4406-9713-F51AC5D3DDB4}.Debug|x64.ActiveCfg = Debug|x64
		{9A6CE7DC-0917-4406-9713-F51AC5D3DDB4}.Debug|x64.Build.0 = Debug|x64
		{9A6CE7DC-0917-4406-9713-F51AC5D3DDB4}.Debug|x86.ActiveCfg = Debug|Win32
		{9A6CE7DC-0917-4406-9713-F51AC5D3DDB4}.Debug|x86.Build.0 = Debug|Win32
		{9A6CE7DC-0917-4406-9713-F51AC5D3DDB4}.Release|x64.ActiveCfg = Release|x64
		{9A6CE7DC-0917-4406-9713-F51AC5D3DDB4}.Release|x64.Build.0 = Release|x64
		{9A6CE7DC-0917-4406-9713-F51AC5D3DDB4}.Release|x86.ActiveCfg = Release|Win32
		{9A6CE7DC-0917-4406-9713-F51AC5D3DDB4}.Release|x86.Build.0 = Release|Win32
		{3FA9C1D8-7162-492A-ADC9-59CE23DC21AB}.Debug|x64.ActiveCfg = Debug|x64
		{3FA9C1D8-7162-492A-ADC9-59CE23DC21AB}.Debug|x64.Build.0 = Debug|x64
		{3FA9C1D8-7162-492A-ADC9-59CE23DC21AB}.Debug|x86.ActiveCfg = Debug|Win32
		{3FA9C1D8-7162-492A-ADC9-59CE23DC21AB}.Debug|x86.Build.0 = Debug|Win32
		{3FA9C1D8-7162-492A-ADC9-59CE23DC21AB}.Release|x64.ActiveCfg = Release|x64
		{3FA9C1D8-7162-492A-ADC9-59CE23DC21AB}.Release|x64.Build.0 = Release|x64
		{3FA9C1D8-7162-492A-ADC9-59CE23DC21AB}.Release|x86.ActiveCfg = Release|Win32
		{3FA9C1D8-7162-492A-ADC9-59CE23DC21AB}.Release|x86.Build.0 = Release|Win32
		{64511A08-7504-4E33-8B0F-C1234314F1F0}.Debug|x64.ActiveCfg = Debug|x64
		{64511A08-7504-4E33-8B0F-C1234314F1F0}.Debug|x64.Build.0 = Debug|x64
		{64511A08-7504-4E33-8B0F-C1234314F1F0}.Debug|x86.ActiveCfg = Debug|Win32
		{64511A08-7504-4E33-8B0F-C1234314F1F0}.Debug|x86.Build.0 = Debug|Win32
		{64511A08-7504-4E33-8B0F-C1234314F1F0}.Release|x64.ActiveCfg = Release|x64
		{64511A08-7504-4E33-8B0F-C1234314F1F0}.Release|x64.Build.0 = Release|x64
		{64511A08-7504-4E33-8B0F-C1234314F1F0}.Release|x86.ActiveCfg = Release|Win32
		{64511A08-7504-4E33-8B0F-C1234314F1F0}.Release|x86.Build.0 = Release|Win32
		{34F25161-7A0C-48F1-8A00-84D12A3DE673}.Debug|x64.ActiveCfg = Debug|x64
		{34F25161-7A0C-48F1-8A00-84D12A3DE673}.Debug|x64.Build.0 = Debug|x64
		{34F25161-7A0C-48F1-8A00-84D12A3DE673}.Debug|x86.ActiveCfg = Debug|Win32
		{34F25161-7A0C-48F1-8A00-84D12A3DE673}.Debug|x86.Build.0 = Debug|Win32
		{34F25161-7A0C-48F1-8A00-84D12A3DE673}.Release|x64.ActiveCfg = Release|x64
		{34F25161-7A0C-48F1-8A00-84D12A3DE673}.Release|x64.Build.0 = Release|x64
		{34F25161-7A0C-48F1-8A00-84D12A3DE673}.Release|x86.ActiveCfg = Release|Win32
		{34F25161-7A0C-48F1-8A00-84D12A3DE673}.Release|x86.Build.0 = Release|Win32
		{FF35B745-E4A3-4767-A11E-1A7D17414032}.Debug|x64.ActiveCfg = Debug|x64
		{FF35B745-E4A3-4767-A11E-1A7D17414032}.Debug|x64.Build.0 = Debug|x64
		{FF35B745-E4A3-4767-A11E-1A7D17414032}.Debug|x86.ActiveCfg = Debug|Win32
		{FF35B745-E4A3-4767-A11E-1A7D17414032}.Debug|x86.Build.0 = Debug|Win32
		{FF35B745-E4A3-4767-A11E-1A7D17414032}.Release|x64.ActiveCfg = Release|x64
		{FF35B745-E4A3-4767-A11E-1A7D17414032}.Release|x64.Build.0 = Release|x64
		{FF35B745-E4A3-4767-A11E-1A7D17414032}.Release|x86.ActiveCfg = Release|Win32
		{FF35B745-E4A3-4767-A11E-1A7D17414032}.Release|x86.Build.0 = Release|Win32
		{DCAF1F3B-1EA2-4DF0-9977-35FE08261AA8}.Debug|x64.ActiveCfg = Debug|x64
		{DCAF1F3B-1EA2-4DF0-9977-35FE08261AA8}.Debug|x64.Build.0 = Debug|x64
		{DCAF1F3B-1EA2-4DF0-9977-35FE08261AA8}.Debug|x86.ActiveCfg = Debug|Win32
		{DCAF1F3B-1EA2-4DF0-9977-35FE08261AA8}.Debug|x86.Build.0 = Debug|Win32
		{DCAF1F3B-1EA2-4DF0-9977-35FE08261AA8}.Release|x64.ActiveCfg = Release|x64
		{DCAF1F3B-1EA2-4DF0-9977-35FE08261AA8}.Release|x64.Build.0 = Release|x64
		{DCAF1F3B-1EA2-4DF0-9977-35FE08261AA8}.Release|x86.ActiveCfg = Release|Win32
		{DCAF1F3B-1EA2-4DF0-9977-35FE08261AA8}.Release|x86.Build.0 = Release|Win32
		{FE9BACB7-04B7-4484-9DDC-1DC0CA90D3FC}.Debug|x64.ActiveCfg = Debug|x64
		{FE9BACB7-04B7-4484-9DDC-1DC0CA90D3FC}.Debug|x64.Build.0 = Debug|x64
		{FE9BACB7-04B7-4484-9DDC-1DC0CA90D3FC}.Debug|x86.ActiveCfg = Debug|Win32
		{FE9BACB7-04B7-4484-9DDC-1DC0CA90D3FC}.Debug|x86.Build.0 = Debug|Win32
		{FE9BACB7-04B7-4484-9DDC-1DC0CA90D3FC}.Release|x64.ActiveCfg = Release|x64
		{FE9BACB7-04B7-4484-9DDC-1DC0CA90D3FC}.Release|x64.Build.0 = Release|x64
		{FE9BACB7-04B7-4484-9DDC-1DC0CA90D3FC}.Release|x86.ActiveCfg = Release|Win32
		{FE9BACB7-04B7-4484-9DDC-1DC0CA90D3FC}.Release|x86.Build.0 = Release|Win32
		{FDAC8962-0DC5-427F-B3BA-C9886BA9BA42}.Debug|x64.ActiveCfg = Debug|x64
		{FDAC8962-0DC5-427F-B3BA-C9886BA9BA42}.Debug|x64.Build.0 = Debug|x64
		{FDAC8962-0DC5-427F-B3BA-C9886BA9BA42}.Debug|x86.ActiveCfg = Debug|Win32
		{FDAC8962-0DC5-427F-B3BA-C9886BA9BA42}.Debug|x86.Build.0 = Debug|Win32
		{FDAC8962-0DC5-427F-B3BA-C9886BA9BA42}.Release|x64.ActiveCfg = Release|x64
		{FDAC8962-0DC5-427F-B3BA-C9886BA9BA42}.Release|x64.Build.0 = Release|x64
		{FDAC8962-0DC5-427F-B3BA-C9886BA9BA42}.Release|x86.ActiveCfg = Release|Win32
		{FDAC8962-0DC5-427F-B3BA-C9886BA9BA42}.Release|x86.Build.0 = Release|Win32
		{B1750197-44BC-40FA-92EA-14FC8D9AAEA7}.Debug|x64.ActiveCfg = Debug|x64
		{B1750197-44BC-40FA-92EA-14FC8D9AAEA7}.Debug|x64.Build.0 = Debug|x64
		{B1750197-44BC-40FA-92EA-14FC8D9AAEA7}.Debug|x86.ActiveCfg = Debug|Win32
		{B1750197-44BC-40FA-92EA-14FC8D9AAEA7}.Debug|x86.Build.0 = Debug|Win32
		{B1750197-44BC-40FA-92EA-14FC8D9AAEA7}.Release|x64.ActiveCfg = Release|x64
		{B1750197-44BC-40FA-92EA-14FC8D9AAEA7}.Release|x64.Build.0 = Release|x64
		{B1750197-44BC-40FA-92EA-14FC8D9AAEA7}.Release|x86.ActiveCfg = Release|Win32
		{B1750197-44BC-40FA-92EA-14FC8D9AAEA7}.Release|x86.Build.0 = Release|Win32
		{C08B21B8-0FD3-4AD0-BD86-7E9D333DD4F4}.Debug|x64.ActiveCfg = Debug|x64
		{C08B21B8-0FD3-4AD0-BD86-7E9D333DD4F4}.Debug|x64.Build.0 = Debug|x64
		{C08B21B8-0FD3-4AD0-BD86-7E9D333DD4F4}.Debug|x86.ActiveCfg = Debug|Win32
		{C08B21B8-0FD3-4AD0-BD86-7E9D333DD4F4}.Debug|x86.Build.0 = Debug|Win32
		{C08B21B8-0FD3-4AD0-BD86-7E9D333DD4F4}.Release|x64.ActiveCfg = Release|x64
		{C08B21B8-0FD3-4AD0-BD86-7E9D333DD4F4}.Release|x64.Build.0 = Release|x64
		{C08B21B8-0FD3-4AD0-BD86-7E9D333DD4F4}.Release|x86.ActiveCfg = Release|Win32
		{C08B21B8-0FD3-4AD0-BD86-7E9D333DD4F4}.Release|x86.Build.0 = Release|Win32
		{BE80B0D0-F307-4675-B253-412396687EAD}.Debug|x64.ActiveCfg = Debug|x64
		{BE80B0D0-F307-4675-B253-412396687EAD}.Debug|x64.Build.0 = Debug|x64
		{BE80B0D0-F307-4675-B253-412396687EAD}.Debug|x86.ActiveCfg = Debug|Win32
		{BE80B0D0-F307-4675-B253-412396687EAD}.Debug|x86.Build.0 = Debug|Win32
		{BE80B0D0-F307-4675-B253-412396687EAD}.Release|x64.ActiveCfg = Release|x64
		{BE80B0D0-F307-4675-B253-412396687EAD}.Release|x64.Build.0 = Release|x64
		{BE80B0D0-F307-4675-B253-412396687EAD}.Release|x86.ActiveCfg = Release|Win32
		{BE80B0D0-F307-4675-B253-412396687EAD}.Release|x86.Build.0 = Release|Win32
		{67A3534C-B76D-4EF0-A395-4E6E17C28EF0}.Debug|x64.ActiveCfg = Debug|x64
		{67A3534C-B76D-4EF0-A395-4E6E17C28EF0}.Debug|x64.Build.0 = Debug|x64
		{67A3534C-B76D-4EF0-A395-4E6E17C28EF0}.Debug|x86.ActiveCfg = Debug|Win32
		{67A3534C-B76D-4EF0-A395-4E6E17C28EF0}.Debug|x86.Build.0 = Debug|Win32
		{67A3534C-B76D-4EF0-A395-4E6E17C28EF0}.Release|x64.ActiveCfg = Release|x64
		{67A3534C-B76D-4EF0-A395-4E6E17C28EF0}.Release|x64.Build.0 = Release|x64
		{67A3534C-B76D-4EF0-A395-4E6E17C28EF0}.Release|x86.ActiveCfg = Release|Win32
		{67A3534C-B76D-4EF0-A395-4E6E17C28EF0}.Release|x86.Build.0 = Release|Win32
	EndGlobalSection
	GlobalSection(SolutionProperties) = preSolution
		HideSolutionNode = FALSE
	EndGlobalSection
	GlobalSection(ExtensibilityGlobals) = postSolution
		SolutionGuid = {FC5AB5AA-0243-4411-9272-8CD8413089CC}
	EndGlobalSection
EndGlobal
